Microsoft Visual Studio Solution File, Format Version 9.00
# Visual Studio 2005
Project("{FAE04EC0-301F-11D3-BF4B-00C04F79EFBC}") = "TestPersistentRepository", "TestPersistentRepository\TestPersistentRepository.csproj", "{608D9188-383D-4849-B87F-19CB5787D789}"
	ProjectSection(WebsiteProperties) = preProject
		Debug.AspNetCompiler.Debug = "True"
		Release.AspNetCompiler.Debug = "False"
	EndProjectSection
EndProject
Global
	GlobalSection(SolutionConfigurationPlatforms) = preSolution
		Debug|Any CPU = Debug|Any CPU
		Release|Any CPU = Release|Any CPU
	EndGlobalSection
	GlobalSection(ProjectConfigurationPlatforms) = postSolution
		{608D9188-383D-4849-B87F-19CB5787D789}.Debug|Any CPU.ActiveCfg = Debug|Any CPU
		{608D9188-383D-4849-B87F-19CB5787D789}.Debug|Any CPU.Build.0 = Debug|Any CPU
		{608D9188-383D-4849-B87F-19CB5787D789}.Release|Any CPU.ActiveCfg = Release|Any CPU
		{608D9188-383D-4849-B87F-19CB5787D789}.Release|Any CPU.Build.0 = Release|Any CPU
	EndGlobalSection
	GlobalSection(SolutionProperties) = preSolution
		HideSolutionNode = FALSE
	EndGlobalSection
EndGlobal
